// !$*UTF8*$!
{
	archiveVersion = 1;
	classes = {
	};
	objectVersion = 56;
	objects = {

/* Begin PBXBuildFile section */
		185E160C2A2B67A900DBB01C /* AppDelegate.swift in Sources */ = {isa = PBXBuildFile; fileRef = 185E160B2A2B67A900DBB01C /* AppDelegate.swift */; };
		185E160E2A2B67A900DBB01C /* SceneDelegate.swift in Sources */ = {isa = PBXBuildFile; fileRef = 185E160D2A2B67A900DBB01C /* SceneDelegate.swift */; };
		185E16102A2B67A900DBB01C /* ViewController.swift in Sources */ = {isa = PBXBuildFile; fileRef = 185E160F2A2B67A900DBB01C /* ViewController.swift */; };
		185E16132A2B67A900DBB01C /* Main.storyboard in Resources */ = {isa = PBXBuildFile; fileRef = 185E16112A2B67A900DBB01C /* Main.storyboard */; };
		185E16152A2B67B000DBB01C /* Assets.xcassets in Resources */ = {isa = PBXBuildFile; fileRef = 185E16142A2B67B000DBB01C /* Assets.xcassets */; };
		185E16182A2B67B000DBB01C /* LaunchScreen.storyboard in Resources */ = {isa = PBXBuildFile; fileRef = 185E16162A2B67B000DBB01C /* LaunchScreen.storyboard */; };
		185E16232A2B67B100DBB01C /* YumemiTutorialTests.swift in Sources */ = {isa = PBXBuildFile; fileRef = 185E16222A2B67B100DBB01C /* YumemiTutorialTests.swift */; };
		185E162D2A2B67B100DBB01C /* YumemiTutorialUITests.swift in Sources */ = {isa = PBXBuildFile; fileRef = 185E162C2A2B67B100DBB01C /* YumemiTutorialUITests.swift */; };
		185E162F2A2B67B100DBB01C /* YumemiTutorialUITestsLaunchTests.swift in Sources */ = {isa = PBXBuildFile; fileRef = 185E162E2A2B67B100DBB01C /* YumemiTutorialUITestsLaunchTests.swift */; };
		185E163D2A2B6AFF00DBB01C /* YumemiWeather in Frameworks */ = {isa = PBXBuildFile; productRef = 185E163C2A2B6AFF00DBB01C /* YumemiWeather */; };
		18BB451A2A34660E00E7C410 /* NewViewController.swift in Sources */ = {isa = PBXBuildFile; fileRef = 18BB45192A34660E00E7C410 /* NewViewController.swift */; };
		18BB451C2A34726100E7C410 /* DismissSegue.swift in Sources */ = {isa = PBXBuildFile; fileRef = 18BB451B2A34726100E7C410 /* DismissSegue.swift */; };
		18BB451E2A36F18700E7C410 /* Weather.swift in Sources */ = {isa = PBXBuildFile; fileRef = 18BB451D2A36F18700E7C410 /* Weather.swift */; };
		18BB45202A36F97700E7C410 /* WeatherManager.swift in Sources */ = {isa = PBXBuildFile; fileRef = 18BB451F2A36F97700E7C410 /* WeatherManager.swift */; };
/* End PBXBuildFile section */

/* Begin PBXContainerItemProxy section */
		185E161F2A2B67B100DBB01C /* PBXContainerItemProxy */ = {
			isa = PBXContainerItemProxy;
			containerPortal = 185E16002A2B67A900DBB01C /* Project object */;
			proxyType = 1;
			remoteGlobalIDString = 185E16072A2B67A900DBB01C;
			remoteInfo = YumemiTutorial;
		};
		185E16292A2B67B100DBB01C /* PBXContainerItemProxy */ = {
			isa = PBXContainerItemProxy;
			containerPortal = 185E16002A2B67A900DBB01C /* Project object */;
			proxyType = 1;
			remoteGlobalIDString = 185E16072A2B67A900DBB01C;
			remoteInfo = YumemiTutorial;
		};
/* End PBXContainerItemProxy section */

/* Begin PBXFileReference section */
		185E16082A2B67A900DBB01C /* YumemiTutorial.app */ = {isa = PBXFileReference; explicitFileType = wrapper.application; includeInIndex = 0; path = YumemiTutorial.app; sourceTree = BUILT_PRODUCTS_DIR; };
		185E160B2A2B67A900DBB01C /* AppDelegate.swift */ = {isa = PBXFileReference; lastKnownFileType = sourcecode.swift; path = AppDelegate.swift; sourceTree = "<group>"; };
		185E160D2A2B67A900DBB01C /* SceneDelegate.swift */ = {isa = PBXFileReference; lastKnownFileType = sourcecode.swift; path = SceneDelegate.swift; sourceTree = "<group>"; };
		185E160F2A2B67A900DBB01C /* ViewController.swift */ = {isa = PBXFileReference; lastKnownFileType = sourcecode.swift; path = ViewController.swift; sourceTree = "<group>"; };
		185E16122A2B67A900DBB01C /* Base */ = {isa = PBXFileReference; lastKnownFileType = file.storyboard; name = Base; path = Base.lproj/Main.storyboard; sourceTree = "<group>"; };
		185E16142A2B67B000DBB01C /* Assets.xcassets */ = {isa = PBXFileReference; lastKnownFileType = folder.assetcatalog; path = Assets.xcassets; sourceTree = "<group>"; };
		185E16172A2B67B000DBB01C /* Base */ = {isa = PBXFileReference; lastKnownFileType = file.storyboard; name = Base; path = Base.lproj/LaunchScreen.storyboard; sourceTree = "<group>"; };
		185E16192A2B67B000DBB01C /* Info.plist */ = {isa = PBXFileReference; lastKnownFileType = text.plist.xml; path = Info.plist; sourceTree = "<group>"; };
		185E161E2A2B67B100DBB01C /* YumemiTutorialTests.xctest */ = {isa = PBXFileReference; explicitFileType = wrapper.cfbundle; includeInIndex = 0; path = YumemiTutorialTests.xctest; sourceTree = BUILT_PRODUCTS_DIR; };
		185E16222A2B67B100DBB01C /* YumemiTutorialTests.swift */ = {isa = PBXFileReference; lastKnownFileType = sourcecode.swift; path = YumemiTutorialTests.swift; sourceTree = "<group>"; };
		185E16282A2B67B100DBB01C /* YumemiTutorialUITests.xctest */ = {isa = PBXFileReference; explicitFileType = wrapper.cfbundle; includeInIndex = 0; path = YumemiTutorialUITests.xctest; sourceTree = BUILT_PRODUCTS_DIR; };
		185E162C2A2B67B100DBB01C /* YumemiTutorialUITests.swift */ = {isa = PBXFileReference; lastKnownFileType = sourcecode.swift; path = YumemiTutorialUITests.swift; sourceTree = "<group>"; };
		185E162E2A2B67B100DBB01C /* YumemiTutorialUITestsLaunchTests.swift */ = {isa = PBXFileReference; lastKnownFileType = sourcecode.swift; path = YumemiTutorialUITestsLaunchTests.swift; sourceTree = "<group>"; };
		18BB45192A34660E00E7C410 /* NewViewController.swift */ = {isa = PBXFileReference; lastKnownFileType = sourcecode.swift; path = NewViewController.swift; sourceTree = "<group>"; };
		18BB451B2A34726100E7C410 /* DismissSegue.swift */ = {isa = PBXFileReference; lastKnownFileType = sourcecode.swift; path = DismissSegue.swift; sourceTree = "<group>"; };
		18BB451D2A36F18700E7C410 /* Weather.swift */ = {isa = PBXFileReference; lastKnownFileType = sourcecode.swift; path = Weather.swift; sourceTree = "<group>"; };
		18BB451F2A36F97700E7C410 /* WeatherManager.swift */ = {isa = PBXFileReference; lastKnownFileType = sourcecode.swift; path = WeatherManager.swift; sourceTree = "<group>"; };
/* End PBXFileReference section */

/* Begin PBXFrameworksBuildPhase section */
		185E16052A2B67A900DBB01C /* Frameworks */ = {
			isa = PBXFrameworksBuildPhase;
			buildActionMask = 2147483647;
			files = (
				185E163D2A2B6AFF00DBB01C /* YumemiWeather in Frameworks */,
			);
			runOnlyForDeploymentPostprocessing = 0;
		};
		185E161B2A2B67B100DBB01C /* Frameworks */ = {
			isa = PBXFrameworksBuildPhase;
			buildActionMask = 2147483647;
			files = (
			);
			runOnlyForDeploymentPostprocessing = 0;
		};
		185E16252A2B67B100DBB01C /* Frameworks */ = {
			isa = PBXFrameworksBuildPhase;
			buildActionMask = 2147483647;
			files = (
			);
			runOnlyForDeploymentPostprocessing = 0;
		};
/* End PBXFrameworksBuildPhase section */

/* Begin PBXGroup section */
		185E15FF2A2B67A900DBB01C = {
			isa = PBXGroup;
			children = (
				185E160A2A2B67A900DBB01C /* YumemiTutorial */,
				185E16212A2B67B100DBB01C /* YumemiTutorialTests */,
				185E162B2A2B67B100DBB01C /* YumemiTutorialUITests */,
				185E16092A2B67A900DBB01C /* Products */,
			);
			sourceTree = "<group>";
		};
		185E16092A2B67A900DBB01C /* Products */ = {
			isa = PBXGroup;
			children = (
				185E16082A2B67A900DBB01C /* YumemiTutorial.app */,
				185E161E2A2B67B100DBB01C /* YumemiTutorialTests.xctest */,
				185E16282A2B67B100DBB01C /* YumemiTutorialUITests.xctest */,
			);
			name = Products;
			sourceTree = "<group>";
		};
		185E160A2A2B67A900DBB01C /* YumemiTutorial */ = {
			isa = PBXGroup;
			children = (
				18B1AA912A624A0D007280BE /* ViewController */,
				18B1AA932A624BA0007280BE /* Models */,
				18B1AA922A624B5D007280BE /* Utils */,
				185E160B2A2B67A900DBB01C /* AppDelegate.swift */,
				185E160D2A2B67A900DBB01C /* SceneDelegate.swift */,
				18BB451F2A36F97700E7C410 /* WeatherManager.swift */,
				185E16112A2B67A900DBB01C /* Main.storyboard */,
				185E16142A2B67B000DBB01C /* Assets.xcassets */,
				185E16162A2B67B000DBB01C /* LaunchScreen.storyboard */,
				185E16192A2B67B000DBB01C /* Info.plist */,
			);
			path = YumemiTutorial;
			sourceTree = "<group>";
		};
		185E16212A2B67B100DBB01C /* YumemiTutorialTests */ = {
			isa = PBXGroup;
			children = (
				185E16222A2B67B100DBB01C /* YumemiTutorialTests.swift */,
			);
			path = YumemiTutorialTests;
			sourceTree = "<group>";
		};
		185E162B2A2B67B100DBB01C /* YumemiTutorialUITests */ = {
			isa = PBXGroup;
			children = (
				185E162C2A2B67B100DBB01C /* YumemiTutorialUITests.swift */,
				185E162E2A2B67B100DBB01C /* YumemiTutorialUITestsLaunchTests.swift */,
			);
			path = YumemiTutorialUITests;
			sourceTree = "<group>";
		};
		18B1AA912A624A0D007280BE /* ViewController */ = {
			isa = PBXGroup;
			children = (
				185E160F2A2B67A900DBB01C /* ViewController.swift */,
				18BB45192A34660E00E7C410 /* NewViewController.swift */,
			);
			path = ViewController;
			sourceTree = "<group>";
		};
		18B1AA922A624B5D007280BE /* Utils */ = {
			isa = PBXGroup;
			children = (
				18BB451B2A34726100E7C410 /* DismissSegue.swift */,
			);
			path = Utils;
			sourceTree = "<group>";
		};
		18B1AA932A624BA0007280BE /* Models */ = {
			isa = PBXGroup;
			children = (
				18BB451D2A36F18700E7C410 /* Weather.swift */,
			);
			path = Models;
			sourceTree = "<group>";
		};
/* End PBXGroup section */

/* Begin PBXNativeTarget section */
		185E16072A2B67A900DBB01C /* YumemiTutorial */ = {
			isa = PBXNativeTarget;
			buildConfigurationList = 185E16322A2B67B100DBB01C /* Build configuration list for PBXNativeTarget "YumemiTutorial" */;
			buildPhases = (
				185E16042A2B67A900DBB01C /* Sources */,
				185E16052A2B67A900DBB01C /* Frameworks */,
				185E16062A2B67A900DBB01C /* Resources */,
			);
			buildRules = (
			);
			dependencies = (
			);
			name = YumemiTutorial;
			packageProductDependencies = (
				185E163C2A2B6AFF00DBB01C /* YumemiWeather */,
			);
			productName = YumemiTutorial;
			productReference = 185E16082A2B67A900DBB01C /* YumemiTutorial.app */;
			productType = "com.apple.product-type.application";
		};
		185E161D2A2B67B100DBB01C /* YumemiTutorialTests */ = {
			isa = PBXNativeTarget;
			buildConfigurationList = 185E16352A2B67B100DBB01C /* Build configuration list for PBXNativeTarget "YumemiTutorialTests" */;
			buildPhases = (
				185E161A2A2B67B100DBB01C /* Sources */,
				185E161B2A2B67B100DBB01C /* Frameworks */,
				185E161C2A2B67B100DBB01C /* Resources */,
			);
			buildRules = (
			);
			dependencies = (
				185E16202A2B67B100DBB01C /* PBXTargetDependency */,
			);
			name = YumemiTutorialTests;
			productName = YumemiTutorialTests;
			productReference = 185E161E2A2B67B100DBB01C /* YumemiTutorialTests.xctest */;
			productType = "com.apple.product-type.bundle.unit-test";
		};
		185E16272A2B67B100DBB01C /* YumemiTutorialUITests */ = {
			isa = PBXNativeTarget;
			buildConfigurationList = 185E16382A2B67B100DBB01C /* Build configuration list for PBXNativeTarget "YumemiTutorialUITests" */;
			buildPhases = (
				185E16242A2B67B100DBB01C /* Sources */,
				185E16252A2B67B100DBB01C /* Frameworks */,
				185E16262A2B67B100DBB01C /* Resources */,
			);
			buildRules = (
			);
			dependencies = (
				185E162A2A2B67B100DBB01C /* PBXTargetDependency */,
			);
			name = YumemiTutorialUITests;
			productName = YumemiTutorialUITests;
			productReference = 185E16282A2B67B100DBB01C /* YumemiTutorialUITests.xctest */;
			productType = "com.apple.product-type.bundle.ui-testing";
		};
/* End PBXNativeTarget section */

/* Begin PBXProject section */
		185E16002A2B67A900DBB01C /* Project object */ = {
			isa = PBXProject;
			attributes = {
				BuildIndependentTargetsInParallel = 1;
				LastSwiftUpdateCheck = 1420;
				LastUpgradeCheck = 1420;
				TargetAttributes = {
					185E16072A2B67A900DBB01C = {
						CreatedOnToolsVersion = 14.2;
					};
					185E161D2A2B67B100DBB01C = {
						CreatedOnToolsVersion = 14.2;
						TestTargetID = 185E16072A2B67A900DBB01C;
					};
					185E16272A2B67B100DBB01C = {
						CreatedOnToolsVersion = 14.2;
						TestTargetID = 185E16072A2B67A900DBB01C;
					};
				};
			};
			buildConfigurationList = 185E16032A2B67A900DBB01C /* Build configuration list for PBXProject "YumemiTutorial" */;
			compatibilityVersion = "Xcode 14.0";
			developmentRegion = en;
			hasScannedForEncodings = 0;
			knownRegions = (
				en,
				Base,
			);
			mainGroup = 185E15FF2A2B67A900DBB01C;
			packageReferences = (
				185E163B2A2B6AFF00DBB01C /* XCRemoteSwiftPackageReference "ios-training" */,
			);
			productRefGroup = 185E16092A2B67A900DBB01C /* Products */;
			projectDirPath = "";
			projectRoot = "";
			targets = (
				185E16072A2B67A900DBB01C /* YumemiTutorial */,
				185E161D2A2B67B100DBB01C /* YumemiTutorialTests */,
				185E16272A2B67B100DBB01C /* YumemiTutorialUITests */,
			);
		};
/* End PBXProject section */

/* Begin PBXResourcesBuildPhase section */
		185E16062A2B67A900DBB01C /* Resources */ = {
			isa = PBXResourcesBuildPhase;
			buildActionMask = 2147483647;
			files = (
				185E16182A2B67B000DBB01C /* LaunchScreen.storyboard in Resources */,
				185E16152A2B67B000DBB01C /* Assets.xcassets in Resources */,
				185E16132A2B67A900DBB01C /* Main.storyboard in Resources */,
			);
			runOnlyForDeploymentPostprocessing = 0;
		};
		185E161C2A2B67B100DBB01C /* Resources */ = {
			isa = PBXResourcesBuildPhase;
			buildActionMask = 2147483647;
			files = (
			);
			runOnlyForDeploymentPostprocessing = 0;
		};
		185E16262A2B67B100DBB01C /* Resources */ = {
			isa = PBXResourcesBuildPhase;
			buildActionMask = 2147483647;
			files = (
			);
			runOnlyForDeploymentPostprocessing = 0;
		};
/* End PBXResourcesBuildPhase section */

/* Begin PBXSourcesBuildPhase section */
		185E16042A2B67A900DBB01C /* Sources */ = {
			isa = PBXSourcesBuildPhase;
			buildActionMask = 2147483647;
			files = (
				185E16102A2B67A900DBB01C /* ViewController.swift in Sources */,
				18BB451C2A34726100E7C410 /* DismissSegue.swift in Sources */,
				185E160C2A2B67A900DBB01C /* AppDelegate.swift in Sources */,
				18BB45202A36F97700E7C410 /* WeatherManager.swift in Sources */,
				185E160E2A2B67A900DBB01C /* SceneDelegate.swift in Sources */,
				18BB451E2A36F18700E7C410 /* Weather.swift in Sources */,
				18BB451A2A34660E00E7C410 /* NewViewController.swift in Sources */,
			);
			runOnlyForDeploymentPostprocessing = 0;
		};
		185E161A2A2B67B100DBB01C /* Sources */ = {
			isa = PBXSourcesBuildPhase;
			buildActionMask = 2147483647;
			files = (
				185E16232A2B67B100DBB01C /* YumemiTutorialTests.swift in Sources */,
			);
			runOnlyForDeploymentPostprocessing = 0;
		};
		185E16242A2B67B100DBB01C /* Sources */ = {
			isa = PBXSourcesBuildPhase;
			buildActionMask = 2147483647;
			files = (
				185E162F2A2B67B100DBB01C /* YumemiTutorialUITestsLaunchTests.swift in Sources */,
				185E162D2A2B67B100DBB01C /* YumemiTutorialUITests.swift in Sources */,
			);
			runOnlyForDeploymentPostprocessing = 0;
		};
/* End PBXSourcesBuildPhase section */

/* Begin PBXTargetDependency section */
		185E16202A2B67B100DBB01C /* PBXTargetDependency */ = {
			isa = PBXTargetDependency;
			target = 185E16072A2B67A900DBB01C /* YumemiTutorial */;
			targetProxy = 185E161F2A2B67B100DBB01C /* PBXContainerItemProxy */;
		};
		185E162A2A2B67B100DBB01C /* PBXTargetDependency */ = {
			isa = PBXTargetDependency;
			target = 185E16072A2B67A900DBB01C /* YumemiTutorial */;
			targetProxy = 185E16292A2B67B100DBB01C /* PBXContainerItemProxy */;
		};
/* End PBXTargetDependency section */

/* Begin PBXVariantGroup section */
		185E16112A2B67A900DBB01C /* Main.storyboard */ = {
			isa = PBXVariantGroup;
			children = (
				185E16122A2B67A900DBB01C /* Base */,
			);
			name = Main.storyboard;
			sourceTree = "<group>";
		};
		185E16162A2B67B000DBB01C /* LaunchScreen.storyboard */ = {
			isa = PBXVariantGroup;
			children = (
				185E16172A2B67B000DBB01C /* Base */,
			);
			name = LaunchScreen.storyboard;
			sourceTree = "<group>";
		};
/* End PBXVariantGroup section */

/* Begin XCBuildConfiguration section */
		185E16302A2B67B100DBB01C /* Debug */ = {
			isa = XCBuildConfiguration;
			buildSettings = {
				ALWAYS_SEARCH_USER_PATHS = NO;
				CLANG_ANALYZER_NONNULL = YES;
				CLANG_ANALYZER_NUMBER_OBJECT_CONVERSION = YES_AGGRESSIVE;
				CLANG_CXX_LANGUAGE_STANDARD = "gnu++20";
				CLANG_ENABLE_MODULES = YES;
				CLANG_ENABLE_OBJC_ARC = YES;
				CLANG_ENABLE_OBJC_WEAK = YES;
				CLANG_WARN_BLOCK_CAPTURE_AUTORELEASING = YES;
				CLANG_WARN_BOOL_CONVERSION = YES;
				CLANG_WARN_COMMA = YES;
				CLANG_WARN_CONSTANT_CONVERSION = YES;
				CLANG_WARN_DEPRECATED_OBJC_IMPLEMENTATIONS = YES;
				CLANG_WARN_DIRECT_OBJC_ISA_USAGE = YES_ERROR;
				CLANG_WARN_DOCUMENTATION_COMMENTS = YES;
				CLANG_WARN_EMPTY_BODY = YES;
				CLANG_WARN_ENUM_CONVERSION = YES;
				CLANG_WARN_INFINITE_RECURSION = YES;
				CLANG_WARN_INT_CONVERSION = YES;
				CLANG_WARN_NON_LITERAL_NULL_CONVERSION = YES;
				CLANG_WARN_OBJC_IMPLICIT_RETAIN_SELF = YES;
				CLANG_WARN_OBJC_LITERAL_CONVERSION = YES;
				CLANG_WARN_OBJC_ROOT_CLASS = YES_ERROR;
				CLANG_WARN_QUOTED_INCLUDE_IN_FRAMEWORK_HEADER = YES;
				CLANG_WARN_RANGE_LOOP_ANALYSIS = YES;
				CLANG_WARN_STRICT_PROTOTYPES = YES;
				CLANG_WARN_SUSPICIOUS_MOVE = YES;
				CLANG_WARN_UNGUARDED_AVAILABILITY = YES_AGGRESSIVE;
				CLANG_WARN_UNREACHABLE_CODE = YES;
				CLANG_WARN__DUPLICATE_METHOD_MATCH = YES;
				COPY_PHASE_STRIP = NO;
				DEBUG_INFORMATION_FORMAT = dwarf;
				ENABLE_STRICT_OBJC_MSGSEND = YES;
				ENABLE_TESTABILITY = YES;
				GCC_C_LANGUAGE_STANDARD = gnu11;
				GCC_DYNAMIC_NO_PIC = NO;
				GCC_NO_COMMON_BLOCKS = YES;
				GCC_OPTIMIZATION_LEVEL = 0;
				GCC_PREPROCESSOR_DEFINITIONS = (
					"DEBUG=1",
					"$(inherited)",
				);
				GCC_WARN_64_TO_32_BIT_CONVERSION = YES;
				GCC_WARN_ABOUT_RETURN_TYPE = YES_ERROR;
				GCC_WARN_UNDECLARED_SELECTOR = YES;
				GCC_WARN_UNINITIALIZED_AUTOS = YES_AGGRESSIVE;
				GCC_WARN_UNUSED_FUNCTION = YES;
				GCC_WARN_UNUSED_VARIABLE = YES;
				IPHONEOS_DEPLOYMENT_TARGET = 16.2;
				MTL_ENABLE_DEBUG_INFO = INCLUDE_SOURCE;
				MTL_FAST_MATH = YES;
				ONLY_ACTIVE_ARCH = YES;
				SDKROOT = iphoneos;
				SWIFT_ACTIVE_COMPILATION_CONDITIONS = DEBUG;
				SWIFT_OPTIMIZATION_LEVEL = "-Onone";
			};
			name = Debug;
		};
		185E16312A2B67B100DBB01C /* Release */ = {
			isa = XCBuildConfiguration;
			buildSettings = {
				ALWAYS_SEARCH_USER_PATHS = NO;
				CLANG_ANALYZER_NONNULL = YES;
				CLANG_ANALYZER_NUMBER_OBJECT_CONVERSION = YES_AGGRESSIVE;
				CLANG_CXX_LANGUAGE_STANDARD = "gnu++20";
				CLANG_ENABLE_MODULES = YES;
				CLANG_ENABLE_OBJC_ARC = YES;
				CLANG_ENABLE_OBJC_WEAK = YES;
				CLANG_WARN_BLOCK_CAPTURE_AUTORELEASING = YES;
				CLANG_WARN_BOOL_CONVERSION = YES;
				CLANG_WARN_COMMA = YES;
				CLANG_WARN_CONSTANT_CONVERSION = YES;
				CLANG_WARN_DEPRECATED_OBJC_IMPLEMENTATIONS = YES;
				CLANG_WARN_DIRECT_OBJC_ISA_USAGE = YES_ERROR;
				CLANG_WARN_DOCUMENTATION_COMMENTS = YES;
				CLANG_WARN_EMPTY_BODY = YES;
				CLANG_WARN_ENUM_CONVERSION = YES;
				CLANG_WARN_INFINITE_RECURSION = YES;
				CLANG_WARN_INT_CONVERSION = YES;
				CLANG_WARN_NON_LITERAL_NULL_CONVERSION = YES;
				CLANG_WARN_OBJC_IMPLICIT_RETAIN_SELF = YES;
				CLANG_WARN_OBJC_LITERAL_CONVERSION = YES;
				CLANG_WARN_OBJC_ROOT_CLASS = YES_ERROR;
				CLANG_WARN_QUOTED_INCLUDE_IN_FRAMEWORK_HEADER = YES;
				CLANG_WARN_RANGE_LOOP_ANALYSIS = YES;
				CLANG_WARN_STRICT_PROTOTYPES = YES;
				CLANG_WARN_SUSPICIOUS_MOVE = YES;
				CLANG_WARN_UNGUARDED_AVAILABILITY = YES_AGGRESSIVE;
				CLANG_WARN_UNREACHABLE_CODE = YES;
				CLANG_WARN__DUPLICATE_METHOD_MATCH = YES;
				COPY_PHASE_STRIP = NO;
				DEBUG_INFORMATION_FORMAT = "dwarf-with-dsym";
				ENABLE_NS_ASSERTIONS = NO;
				ENABLE_STRICT_OBJC_MSGSEND = YES;
				GCC_C_LANGUAGE_STANDARD = gnu11;
				GCC_NO_COMMON_BLOCKS = YES;
				GCC_WARN_64_TO_32_BIT_CONVERSION = YES;
				GCC_WARN_ABOUT_RETURN_TYPE = YES_ERROR;
				GCC_WARN_UNDECLARED_SELECTOR = YES;
				GCC_WARN_UNINITIALIZED_AUTOS = YES_AGGRESSIVE;
				GCC_WARN_UNUSED_FUNCTION = YES;
				GCC_WARN_UNUSED_VARIABLE = YES;
				IPHONEOS_DEPLOYMENT_TARGET = 16.2;
				MTL_ENABLE_DEBUG_INFO = NO;
				MTL_FAST_MATH = YES;
				SDKROOT = iphoneos;
				SWIFT_COMPILATION_MODE = wholemodule;
				SWIFT_OPTIMIZATION_LEVEL = "-O";
				VALIDATE_PRODUCT = YES;
			};
			name = Release;
		};
		185E16332A2B67B100DBB01C /* Debug */ = {
			isa = XCBuildConfiguration;
			buildSettings = {
				ASSETCATALOG_COMPILER_APPICON_NAME = AppIcon;
				ASSETCATALOG_COMPILER_GLOBAL_ACCENT_COLOR_NAME = AccentColor;
				CODE_SIGN_STYLE = Automatic;
				CURRENT_PROJECT_VERSION = 1;
				GENERATE_INFOPLIST_FILE = YES;
				INFOPLIST_FILE = YumemiTutorial/Info.plist;
				INFOPLIST_KEY_UIApplicationSupportsIndirectInputEvents = YES;
				INFOPLIST_KEY_UILaunchStoryboardName = LaunchScreen;
				INFOPLIST_KEY_UIMainStoryboardFile = Main;
				INFOPLIST_KEY_UISupportedInterfaceOrientations_iPad = "UIInterfaceOrientationPortrait UIInterfaceOrientationPortraitUpsideDown UIInterfaceOrientationLandscapeLeft UIInterfaceOrientationLandscapeRight";
				INFOPLIST_KEY_UISupportedInterfaceOrientations_iPhone = "UIInterfaceOrientationPortrait UIInterfaceOrientationLandscapeLeft UIInterfaceOrientationLandscapeRight";
				LD_RUNPATH_SEARCH_PATHS = (
					"$(inherited)",
					"@executable_path/Frameworks",
				);
				MARKETING_VERSION = 1.0;
				PRODUCT_BUNDLE_IDENTIFIER = com.example.YumemiTutorial;
				PRODUCT_NAME = "$(TARGET_NAME)";
				SWIFT_EMIT_LOC_STRINGS = YES;
				SWIFT_VERSION = 5.0;
				TARGETED_DEVICE_FAMILY = "1,2";
			};
			name = Debug;
		};
		185E16342A2B67B100DBB01C /* Release */ = {
			isa = XCBuildConfiguration;
			buildSettings = {
				ASSETCATALOG_COMPILER_APPICON_NAME = AppIcon;
				ASSETCATALOG_COMPILER_GLOBAL_ACCENT_COLOR_NAME = AccentColor;
				CODE_SIGN_STYLE = Automatic;
				CURRENT_PROJECT_VERSION = 1;
				GENERATE_INFOPLIST_FILE = YES;
				INFOPLIST_FILE = YumemiTutorial/Info.plist;
				INFOPLIST_KEY_UIApplicationSupportsIndirectInputEvents = YES;
				INFOPLIST_KEY_UILaunchStoryboardName = LaunchScreen;
				INFOPLIST_KEY_UIMainStoryboardFile = Main;
				INFOPLIST_KEY_UISupportedInterfaceOrientations_iPad = "UIInterfaceOrientationPortrait UIInterfaceOrientationPortraitUpsideDown UIInterfaceOrientationLandscapeLeft UIInterfaceOrientationLandscapeRight";
				INFOPLIST_KEY_UISupportedInterfaceOrientations_iPhone = "UIInterfaceOrientationPortrait UIInterfaceOrientationLandscapeLeft UIInterfaceOrientationLandscapeRight";
				LD_RUNPATH_SEARCH_PATHS = (
					"$(inherited)",
					"@executable_path/Frameworks",
				);
				MARKETING_VERSION = 1.0;
				PRODUCT_BUNDLE_IDENTIFIER = com.example.YumemiTutorial;
				PRODUCT_NAME = "$(TARGET_NAME)";
				SWIFT_EMIT_LOC_STRINGS = YES;
				SWIFT_VERSION = 5.0;
				TARGETED_DEVICE_FAMILY = "1,2";
			};
			name = Release;
		};
		185E16362A2B67B100DBB01C /* Debug */ = {
			isa = XCBuildConfiguration;
			buildSettings = {
				ALWAYS_EMBED_SWIFT_STANDARD_LIBRARIES = YES;
				BUNDLE_LOADER = "$(TEST_HOST)";
				CODE_SIGN_STYLE = Automatic;
				CURRENT_PROJECT_VERSION = 1;
				GENERATE_INFOPLIST_FILE = YES;
				IPHONEOS_DEPLOYMENT_TARGET = 16.2;
				MARKETING_VERSION = 1.0;
				PRODUCT_BUNDLE_IDENTIFIER = com.example.YumemiTutorialTests;
				PRODUCT_NAME = "$(TARGET_NAME)";
				SWIFT_EMIT_LOC_STRINGS = NO;
				SWIFT_VERSION = 5.0;
				TARGETED_DEVICE_FAMILY = "1,2";
				TEST_HOST = "$(BUILT_PRODUCTS_DIR)/YumemiTutorial.app/$(BUNDLE_EXECUTABLE_FOLDER_PATH)/YumemiTutorial";
			};
			name = Debug;
		};
		185E16372A2B67B100DBB01C /* Release */ = {
			isa = XCBuildConfiguration;
			buildSettings = {
				ALWAYS_EMBED_SWIFT_STANDARD_LIBRARIES = YES;
				BUNDLE_LOADER = "$(TEST_HOST)";
				CODE_SIGN_STYLE = Automatic;
				CURRENT_PROJECT_VERSION = 1;
				GENERATE_INFOPLIST_FILE = YES;
				IPHONEOS_DEPLOYMENT_TARGET = 16.2;
				MARKETING_VERSION = 1.0;
				PRODUCT_BUNDLE_IDENTIFIER = com.example.YumemiTutorialTests;
				PRODUCT_NAME = "$(TARGET_NAME)";
				SWIFT_EMIT_LOC_STRINGS = NO;
				SWIFT_VERSION = 5.0;
				TARGETED_DEVICE_FAMILY = "1,2";
				TEST_HOST = "$(BUILT_PRODUCTS_DIR)/YumemiTutorial.app/$(BUNDLE_EXECUTABLE_FOLDER_PATH)/YumemiTutorial";
			};
			name = Release;
		};
		185E16392A2B67B100DBB01C /* Debug */ = {
			isa = XCBuildConfiguration;
			buildSettings = {
				ALWAYS_EMBED_SWIFT_STANDARD_LIBRARIES = YES;
				CODE_SIGN_STYLE = Automatic;
				CURRENT_PROJECT_VERSION = 1;
				GENERATE_INFOPLIST_FILE = YES;
				MARKETING_VERSION = 1.0;
				PRODUCT_BUNDLE_IDENTIFIER = com.example.YumemiTutorialUITests;
				PRODUCT_NAME = "$(TARGET_NAME)";
				SWIFT_EMIT_LOC_STRINGS = NO;
				SWIFT_VERSION = 5.0;
				TARGETED_DEVICE_FAMILY = "1,2";
				TEST_TARGET_NAME = YumemiTutorial;
			};
			name = Debug;
		};
		185E163A2A2B67B100DBB01C /* Release */ = {
			isa = XCBuildConfiguration;
			buildSettings = {
				ALWAYS_EMBED_SWIFT_STANDARD_LIBRARIES = YES;
				CODE_SIGN_STYLE = Automatic;
				CURRENT_PROJECT_VERSION = 1;
				GENERATE_INFOPLIST_FILE = YES;
				MARKETING_VERSION = 1.0;
				PRODUCT_BUNDLE_IDENTIFIER = com.example.YumemiTutorialUITests;
				PRODUCT_NAME = "$(TARGET_NAME)";
				SWIFT_EMIT_LOC_STRINGS = NO;
				SWIFT_VERSION = 5.0;
				TARGETED_DEVICE_FAMILY = "1,2";
				TEST_TARGET_NAME = YumemiTutorial;
			};
			name = Release;
		};
/* End XCBuildConfiguration section */

/* Begin XCConfigurationList section */
		185E16032A2B67A900DBB01C /* Build configuration list for PBXProject "YumemiTutorial" */ = {
			isa = XCConfigurationList;
			buildConfigurations = (
				185E16302A2B67B100DBB01C /* Debug */,
				185E16312A2B67B100DBB01C /* Release */,
			);
			defaultConfigurationIsVisible = 0;
			defaultConfigurationName = Release;
		};
		185E16322A2B67B100DBB01C /* Build configuration list for PBXNativeTarget "YumemiTutorial" */ = {
			isa = XCConfigurationList;
			buildConfigurations = (
				185E16332A2B67B100DBB01C /* Debug */,
				185E16342A2B67B100DBB01C /* Release */,
			);
			defaultConfigurationIsVisible = 0;
			defaultConfigurationName = Release;
		};
		185E16352A2B67B100DBB01C /* Build configuration list for PBXNativeTarget "YumemiTutorialTests" */ = {
			isa = XCConfigurationList;
			buildConfigurations = (
				185E16362A2B67B100DBB01C /* Debug */,
				185E16372A2B67B100DBB01C /* Release */,
			);
			defaultConfigurationIsVisible = 0;
			defaultConfigurationName = Release;
		};
		185E16382A2B67B100DBB01C /* Build configuration list for PBXNativeTarget "YumemiTutorialUITests" */ = {
			isa = XCConfigurationList;
			buildConfigurations = (
				185E16392A2B67B100DBB01C /* Debug */,
				185E163A2A2B67B100DBB01C /* Release */,
			);
			defaultConfigurationIsVisible = 0;
			defaultConfigurationName = Release;
		};
/* End XCConfigurationList section */

/* Begin XCRemoteSwiftPackageReference section */
		185E163B2A2B6AFF00DBB01C /* XCRemoteSwiftPackageReference "ios-training" */ = {
			isa = XCRemoteSwiftPackageReference;
			repositoryURL = "https://github.com/yumemi-inc/ios-training.git";
			requirement = {
				branch = main;
				kind = branch;
			};
		};
/* End XCRemoteSwiftPackageReference section */

/* Begin XCSwiftPackageProductDependency section */
		185E163C2A2B6AFF00DBB01C /* YumemiWeather */ = {
			isa = XCSwiftPackageProductDependency;
			package = 185E163B2A2B6AFF00DBB01C /* XCRemoteSwiftPackageReference "ios-training" */;
			productName = YumemiWeather;
		};
/* End XCSwiftPackageProductDependency section */
	};
	rootObject = 185E16002A2B67A900DBB01C /* Project object */;
}
